
Microsoft Visual Studio Solution File, Format Version 12.00
# Visual Studio 15
VisualStudioVersion = 15.0.26730.16
MinimumVisualStudioVersion = 10.0.40219.1
Project("{FAE04EC0-301F-11D3-BF4B-00C04F79EFBC}") = "GraphCollections", "GraphCollections\GraphCollections.csproj", "{A46DC06C-C294-4EDA-B1E4-4EBA15D4CE17}"
EndProject
Project("{FAE04EC0-301F-11D3-BF4B-00C04F79EFBC}") = "UnitTestProject", "UnitTestProject\UnitTestProject.csproj", "{2FEF7ABC-AF56-424D-85F0-821E3D18F6E4}"
EndProject
Global
	GlobalSection(SolutionConfigurationPlatforms) = preSolution
		Debug|Any CPU = Debug|Any CPU
		Release|Any CPU = Release|Any CPU
	EndGlobalSection
	GlobalSection(ProjectConfigurationPlatforms) = postSolution
		{A46DC06C-C294-4EDA-B1E4-4EBA15D4CE17}.Debug|Any CPU.ActiveCfg = Debug|Any CPU
		{A46DC06C-C294-4EDA-B1E4-4EBA15D4CE17}.Debug|Any CPU.Build.0 = Debug|Any CPU
		{A46DC06C-C294-4EDA-B1E4-4EBA15D4CE17}.Release|Any CPU.ActiveCfg = Release|Any CPU
		{A46DC06C-C294-4EDA-B1E4-4EBA15D4CE17}.Release|Any CPU.Build.0 = Release|Any CPU
		{2FEF7ABC-AF56-424D-85F0-821E3D18F6E4}.Debug|Any CPU.ActiveCfg = Debug|Any CPU
		{2FEF7ABC-AF56-424D-85F0-821E3D18F6E4}.Debug|Any CPU.Build.0 = Debug|Any CPU
		{2FEF7ABC-AF56-424D-85F0-821E3D18F6E4}.Release|Any CPU.ActiveCfg = Release|Any CPU
		{2FEF7ABC-AF56-424D-85F0-821E3D18F6E4}.Release|Any CPU.Build.0 = Release|Any CPU
	EndGlobalSection
	GlobalSection(SolutionProperties) = preSolution
		HideSolutionNode = FALSE
	EndGlobalSection
	GlobalSection(ExtensibilityGlobals) = postSolution
		SolutionGuid = {C435A757-5748-4740-A1B4-EEC98DC44A21}
	EndGlobalSection
EndGlobal
